
Microsoft Visual Studio Solution File, Format Version 12.00
# Visual Studio Version 17
VisualStudioVersion = 17.9.34622.214
MinimumVisualStudioVersion = 10.0.40219.1
Project("{FAE04EC0-301F-11D3-BF4B-00C04F79EFBC}") = "C# Chess Board Game Part 07", "C# Chess Board Game Part 07\C# Chess Board Game Part 07.csproj", "{793090CB-67A2-43BA-B8C6-B01C04EC384A}"
EndProject
Global
	GlobalSection(SolutionConfigurationPlatforms) = preSolution
		Debug|Any CPU = Debug|Any CPU
		Release|Any CPU = Release|Any CPU
	EndGlobalSection
	GlobalSection(ProjectConfigurationPlatforms) = postSolution
		{793090CB-67A2-43BA-B8C6-B01C04EC384A}.Debug|Any CPU.ActiveCfg = Debug|Any CPU
		{793090CB-67A2-43BA-B8C6-B01C04EC384A}.Debug|Any CPU.Build.0 = Debug|Any CPU
		{793090CB-67A2-43BA-B8C6-B01C04EC384A}.Release|Any CPU.ActiveCfg = Release|Any CPU
		{793090CB-67A2-43BA-B8C6-B01C04EC384A}.Release|Any CPU.Build.0 = Release|Any CPU
	EndGlobalSection
	GlobalSection(SolutionProperties) = preSolution
		HideSolutionNode = FALSE
	EndGlobalSection
	GlobalSection(ExtensibilityGlobals) = postSolution
		SolutionGuid = {5DC66E26-FA4C-437E-A2E9-1CFCA5722A8D}
	EndGlobalSection
EndGlobal
